
Microsoft Visual Studio Solution File, Format Version 12.00
# Visual Studio Version 16
VisualStudioVersion = 16.0.30709.64
MinimumVisualStudioVersion = 10.0.40219.1
Project("{9A19103F-16F7-4668-BE54-9A1E7A4F7556}") = "Api", "src\Api\Api.csproj", "{5300F40C-EAF5-4DB0-90F3-CEF630427ADD}"
EndProject
Project("{FAE04EC0-301F-11D3-BF4B-00C04F79EFBC}") = "DomainModel", "src\DomainModel\DomainModel.csproj", "{1B9F3100-4481-4806-A950-E68352005B07}"
EndProject
Project("{2150E333-8FDC-42A3-9474-1A3956D46DE8}") = "Solution Items", "Solution Items", "{6496D8FC-0504-4B4F-A4B4-E5E5C1244E8A}"
	ProjectSection(SolutionItems) = preProject
		.editorconfig = .editorconfig
		.gitignore = .gitignore
		README.md = README.md
	EndProjectSection
EndProject
Global
	GlobalSection(SolutionConfigurationPlatforms) = preSolution
		Debug|Any CPU = Debug|Any CPU
		Release|Any CPU = Release|Any CPU
	EndGlobalSection
	GlobalSection(ProjectConfigurationPlatforms) = postSolution
		{5300F40C-EAF5-4DB0-90F3-CEF630427ADD}.Debug|Any CPU.ActiveCfg = Debug|Any CPU
		{5300F40C-EAF5-4DB0-90F3-CEF630427ADD}.Debug|Any CPU.Build.0 = Debug|Any CPU
		{5300F40C-EAF5-4DB0-90F3-CEF630427ADD}.Release|Any CPU.ActiveCfg = Release|Any CPU
		{5300F40C-EAF5-4DB0-90F3-CEF630427ADD}.Release|Any CPU.Build.0 = Release|Any CPU
		{1B9F3100-4481-4806-A950-E68352005B07}.Debug|Any CPU.ActiveCfg = Debug|Any CPU
		{1B9F3100-4481-4806-A950-E68352005B07}.Debug|Any CPU.Build.0 = Debug|Any CPU
		{1B9F3100-4481-4806-A950-E68352005B07}.Release|Any CPU.ActiveCfg = Release|Any CPU
		{1B9F3100-4481-4806-A950-E68352005B07}.Release|Any CPU.Build.0 = Release|Any CPU
	EndGlobalSection
	GlobalSection(SolutionProperties) = preSolution
		HideSolutionNode = FALSE
	EndGlobalSection
	GlobalSection(ExtensibilityGlobals) = postSolution
		SolutionGuid = {E858972C-0814-4B83-85C2-608250C985C6}
	EndGlobalSection
EndGlobal
